// !$*UTF8*$!
{
	archiveVersion = 1;
	classes = {
	};
	objectVersion = 56;
	objects = {

/* Begin PBXBuildFile section */
		0677971C2BA945D6006CD332 /* endGame.swift in Sources */ = {isa = PBXBuildFile; fileRef = 0677971B2BA945D6006CD332 /* endGame.swift */; };
		33B586F92BA0AFFC00CF0BDE /* emojiMatchApp.swift in Sources */ = {isa = PBXBuildFile; fileRef = 33B586F82BA0AFFC00CF0BDE /* emojiMatchApp.swift */; };
		33B586FB2BA0AFFC00CF0BDE /* ContentView.swift in Sources */ = {isa = PBXBuildFile; fileRef = 33B586FA2BA0AFFC00CF0BDE /* ContentView.swift */; };
		33B586FD2BA0AFFE00CF0BDE /* Assets.xcassets in Resources */ = {isa = PBXBuildFile; fileRef = 33B586FC2BA0AFFE00CF0BDE /* Assets.xcassets */; };
		33B587002BA0AFFE00CF0BDE /* Preview Assets.xcassets in Resources */ = {isa = PBXBuildFile; fileRef = 33B586FF2BA0AFFE00CF0BDE /* Preview Assets.xcassets */; };
		33B587072BA0B0C200CF0BDE /* game.swift in Sources */ = {isa = PBXBuildFile; fileRef = 33B587062BA0B0C200CF0BDE /* game.swift */; };
		33C1A91B2BA214C400321762 /* Merriweather-Regular.ttf in Resources */ = {isa = PBXBuildFile; fileRef = 33C1A91A2BA214C400321762 /* Merriweather-Regular.ttf */; };
		33C1A91D2BA2151500321762 /* MadimiOne-Regular.ttf in Resources */ = {isa = PBXBuildFile; fileRef = 33C1A91C2BA2151500321762 /* MadimiOne-Regular.ttf */; };
		33C6ED532BA88B930026A0C4 /* emoji.png in Resources */ = {isa = PBXBuildFile; fileRef = 33C6ED522BA88B930026A0C4 /* emoji.png */; };
/* End PBXBuildFile section */

/* Begin PBXFileReference section */
		0677971B2BA945D6006CD332 /* endGame.swift */ = {isa = PBXFileReference; lastKnownFileType = sourcecode.swift; path = endGame.swift; sourceTree = "<group>"; };
		33B586F52BA0AFFC00CF0BDE /* emojiMatch.app */ = {isa = PBXFileReference; explicitFileType = wrapper.application; includeInIndex = 0; path = emojiMatch.app; sourceTree = BUILT_PRODUCTS_DIR; };
		33B586F82BA0AFFC00CF0BDE /* emojiMatchApp.swift */ = {isa = PBXFileReference; lastKnownFileType = sourcecode.swift; path = emojiMatchApp.swift; sourceTree = "<group>"; };
		33B586FA2BA0AFFC00CF0BDE /* ContentView.swift */ = {isa = PBXFileReference; lastKnownFileType = sourcecode.swift; path = ContentView.swift; sourceTree = "<group>"; };
		33B586FC2BA0AFFE00CF0BDE /* Assets.xcassets */ = {isa = PBXFileReference; lastKnownFileType = folder.assetcatalog; path = Assets.xcassets; sourceTree = "<group>"; };
		33B586FF2BA0AFFE00CF0BDE /* Preview Assets.xcassets */ = {isa = PBXFileReference; lastKnownFileType = folder.assetcatalog; path = "Preview Assets.xcassets"; sourceTree = "<group>"; };
		33B587062BA0B0C200CF0BDE /* game.swift */ = {isa = PBXFileReference; lastKnownFileType = sourcecode.swift; path = game.swift; sourceTree = "<group>"; };
		33C1A9192BA20A7A00321762 /* Info.plist */ = {isa = PBXFileReference; lastKnownFileType = text.plist; path = Info.plist; sourceTree = "<group>"; };
		33C1A91A2BA214C400321762 /* Merriweather-Regular.ttf */ = {isa = PBXFileReference; lastKnownFileType = file; path = "Merriweather-Regular.ttf"; sourceTree = "<group>"; };
		33C1A91C2BA2151500321762 /* MadimiOne-Regular.ttf */ = {isa = PBXFileReference; lastKnownFileType = file; path = "MadimiOne-Regular.ttf"; sourceTree = "<group>"; };
		33C6ED522BA88B930026A0C4 /* emoji.png */ = {isa = PBXFileReference; lastKnownFileType = image.png; path = emoji.png; sourceTree = "<group>"; };
/* End PBXFileReference section */

/* Begin PBXFrameworksBuildPhase section */
		33B586F22BA0AFFC00CF0BDE /* Frameworks */ = {
			isa = PBXFrameworksBuildPhase;
			buildActionMask = 2147483647;
			files = (
			);
			runOnlyForDeploymentPostprocessing = 0;
		};
/* End PBXFrameworksBuildPhase section */

/* Begin PBXGroup section */
		33B586EC2BA0AFFC00CF0BDE = {
			isa = PBXGroup;
			children = (
				33B586F72BA0AFFC00CF0BDE /* emojiMatch */,
				33B586F62BA0AFFC00CF0BDE /* Products */,
			);
			sourceTree = "<group>";
		};
		33B586F62BA0AFFC00CF0BDE /* Products */ = {
			isa = PBXGroup;
			children = (
				33B586F52BA0AFFC00CF0BDE /* emojiMatch.app */,
			);
			name = Products;
			sourceTree = "<group>";
		};
		33B586F72BA0AFFC00CF0BDE /* emojiMatch */ = {
			isa = PBXGroup;
			children = (
				33C1A9192BA20A7A00321762 /* Info.plist */,
				33B586F82BA0AFFC00CF0BDE /* emojiMatchApp.swift */,
				33B586FA2BA0AFFC00CF0BDE /* ContentView.swift */,
				33C1A91C2BA2151500321762 /* MadimiOne-Regular.ttf */,
				33C1A91A2BA214C400321762 /* Merriweather-Regular.ttf */,
				33B587062BA0B0C200CF0BDE /* game.swift */,
				0677971B2BA945D6006CD332 /* endGame.swift */,
				33C6ED522BA88B930026A0C4 /* emoji.png */,
				33B586FC2BA0AFFE00CF0BDE /* Assets.xcassets */,
				33B586FE2BA0AFFE00CF0BDE /* Preview Content */,
			);
			path = emojiMatch;
			sourceTree = "<group>";
		};
		33B586FE2BA0AFFE00CF0BDE /* Preview Content */ = {
			isa = PBXGroup;
			children = (
				33B586FF2BA0AFFE00CF0BDE /* Preview Assets.xcassets */,
			);
			path = "Preview Content";
			sourceTree = "<group>";
		};
/* End PBXGroup section */

/* Begin PBXNativeTarget section */
		33B586F42BA0AFFC00CF0BDE /* emojiMatch */ = {
			isa = PBXNativeTarget;
			buildConfigurationList = 33B587032BA0AFFE00CF0BDE /* Build configuration list for PBXNativeTarget "emojiMatch" */;
			buildPhases = (
				33B586F12BA0AFFC00CF0BDE /* Sources */,
				33B586F22BA0AFFC00CF0BDE /* Frameworks */,
				33B586F32BA0AFFC00CF0BDE /* Resources */,
			);
			buildRules = (
			);
			dependencies = (
			);
			name = emojiMatch;
			productName = emojiMatch;
			productReference = 33B586F52BA0AFFC00CF0BDE /* emojiMatch.app */;
			productType = "com.apple.product-type.application";
		};
/* End PBXNativeTarget section */

/* Begin PBXProject section */
		33B586ED2BA0AFFC00CF0BDE /* Project object */ = {
			isa = PBXProject;
			attributes = {
				BuildIndependentTargetsInParallel = 1;
				LastSwiftUpdateCheck = 1510;
				LastUpgradeCheck = 1510;
				TargetAttributes = {
					33B586F42BA0AFFC00CF0BDE = {
						CreatedOnToolsVersion = 15.1;
					};
				};
			};
			buildConfigurationList = 33B586F02BA0AFFC00CF0BDE /* Build configuration list for PBXProject "emojiMatch" */;
			compatibilityVersion = "Xcode 14.0";
			developmentRegion = en;
			hasScannedForEncodings = 0;
			knownRegions = (
				en,
				Base,
			);
			mainGroup = 33B586EC2BA0AFFC00CF0BDE;
			productRefGroup = 33B586F62BA0AFFC00CF0BDE /* Products */;
			projectDirPath = "";
			projectRoot = "";
			targets = (
				33B586F42BA0AFFC00CF0BDE /* emojiMatch */,
			);
		};
/* End PBXProject section */

/* Begin PBXResourcesBuildPhase section */
		33B586F32BA0AFFC00CF0BDE /* Resources */ = {
			isa = PBXResourcesBuildPhase;
			buildActionMask = 2147483647;
			files = (
				33C1A91D2BA2151500321762 /* MadimiOne-Regular.ttf in Resources */,
				33C6ED532BA88B930026A0C4 /* emoji.png in Resources */,
				33B587002BA0AFFE00CF0BDE /* Preview Assets.xcassets in Resources */,
				33B586FD2BA0AFFE00CF0BDE /* Assets.xcassets in Resources */,
				33C1A91B2BA214C400321762 /* Merriweather-Regular.ttf in Resources */,
			);
			runOnlyForDeploymentPostprocessing = 0;
		};
/* End PBXResourcesBuildPhase section */

/* Begin PBXSourcesBuildPhase section */
		33B586F12BA0AFFC00CF0BDE /* Sources */ = {
			isa = PBXSourcesBuildPhase;
			buildActionMask = 2147483647;
			files = (
				33B587072BA0B0C200CF0BDE /* game.swift in Sources */,
				0677971C2BA945D6006CD332 /* endGame.swift in Sources */,
				33B586FB2BA0AFFC00CF0BDE /* ContentView.swift in Sources */,
				33B586F92BA0AFFC00CF0BDE /* emojiMatchApp.swift in Sources */,
			);
			runOnlyForDeploymentPostprocessing = 0;
		};
/* End PBXSourcesBuildPhase section */

/* Begin XCBuildConfiguration section */
		33B587012BA0AFFE00CF0BDE /* Debug */ = {
			isa = XCBuildConfiguration;
			buildSettings = {
				ALWAYS_SEARCH_USER_PATHS = NO;
				ASSETCATALOG_COMPILER_GENERATE_SWIFT_ASSET_SYMBOL_EXTENSIONS = YES;
				CLANG_ANALYZER_NONNULL = YES;
				CLANG_ANALYZER_NUMBER_OBJECT_CONVERSION = YES_AGGRESSIVE;
				CLANG_CXX_LANGUAGE_STANDARD = "gnu++20";
				CLANG_ENABLE_MODULES = YES;
				CLANG_ENABLE_OBJC_ARC = YES;
				CLANG_ENABLE_OBJC_WEAK = YES;
				CLANG_WARN_BLOCK_CAPTURE_AUTORELEASING = YES;
				CLANG_WARN_BOOL_CONVERSION = YES;
				CLANG_WARN_COMMA = YES;
				CLANG_WARN_CONSTANT_CONVERSION = YES;
				CLANG_WARN_DEPRECATED_OBJC_IMPLEMENTATIONS = YES;
				CLANG_WARN_DIRECT_OBJC_ISA_USAGE = YES_ERROR;
				CLANG_WARN_DOCUMENTATION_COMMENTS = YES;
				CLANG_WARN_EMPTY_BODY = YES;
				CLANG_WARN_ENUM_CONVERSION = YES;
				CLANG_WARN_INFINITE_RECURSION = YES;
				CLANG_WARN_INT_CONVERSION = YES;
				CLANG_WARN_NON_LITERAL_NULL_CONVERSION = YES;
				CLANG_WARN_OBJC_IMPLICIT_RETAIN_SELF = YES;
				CLANG_WARN_OBJC_LITERAL_CONVERSION = YES;
				CLANG_WARN_OBJC_ROOT_CLASS = YES_ERROR;
				CLANG_WARN_QUOTED_INCLUDE_IN_FRAMEWORK_HEADER = YES;
				CLANG_WARN_RANGE_LOOP_ANALYSIS = YES;
				CLANG_WARN_STRICT_PROTOTYPES = YES;
				CLANG_WARN_SUSPICIOUS_MOVE = YES;
				CLANG_WARN_UNGUARDED_AVAILABILITY = YES_AGGRESSIVE;
				CLANG_WARN_UNREACHABLE_CODE = YES;
				CLANG_WARN__DUPLICATE_METHOD_MATCH = YES;
				COPY_PHASE_STRIP = NO;
				DEBUG_INFORMATION_FORMAT = dwarf;
				ENABLE_STRICT_OBJC_MSGSEND = YES;
				ENABLE_TESTABILITY = YES;
				ENABLE_USER_SCRIPT_SANDBOXING = YES;
				GCC_C_LANGUAGE_STANDARD = gnu17;
				GCC_DYNAMIC_NO_PIC = NO;
				GCC_NO_COMMON_BLOCKS = YES;
				GCC_OPTIMIZATION_LEVEL = 0;
				GCC_PREPROCESSOR_DEFINITIONS = (
					"DEBUG=1",
					"$(inherited)",
				);
				GCC_WARN_64_TO_32_BIT_CONVERSION = YES;
				GCC_WARN_ABOUT_RETURN_TYPE = YES_ERROR;
				GCC_WARN_UNDECLARED_SELECTOR = YES;
				GCC_WARN_UNINITIALIZED_AUTOS = YES_AGGRESSIVE;
				GCC_WARN_UNUSED_FUNCTION = YES;
				GCC_WARN_UNUSED_VARIABLE = YES;
				IPHONEOS_DEPLOYMENT_TARGET = 17.2;
				LOCALIZATION_PREFERS_STRING_CATALOGS = YES;
				MTL_ENABLE_DEBUG_INFO = INCLUDE_SOURCE;
				MTL_FAST_MATH = YES;
				ONLY_ACTIVE_ARCH = YES;
				SDKROOT = iphoneos;
				SWIFT_ACTIVE_COMPILATION_CONDITIONS = "DEBUG $(inherited)";
				SWIFT_OPTIMIZATION_LEVEL = "-Onone";
			};
			name = Debug;
		};
		33B587022BA0AFFE00CF0BDE /* Release */ = {
			isa = XCBuildConfiguration;
			buildSettings = {
				ALWAYS_SEARCH_USER_PATHS = NO;
				ASSETCATALOG_COMPILER_GENERATE_SWIFT_ASSET_SYMBOL_EXTENSIONS = YES;
				CLANG_ANALYZER_NONNULL = YES;
				CLANG_ANALYZER_NUMBER_OBJECT_CONVERSION = YES_AGGRESSIVE;
				CLANG_CXX_LANGUAGE_STANDARD = "gnu++20";
				CLANG_ENABLE_MODULES = YES;
				CLANG_ENABLE_OBJC_ARC = YES;
				CLANG_ENABLE_OBJC_WEAK = YES;
				CLANG_WARN_BLOCK_CAPTURE_AUTORELEASING = YES;
				CLANG_WARN_BOOL_CONVERSION = YES;
				CLANG_WARN_COMMA = YES;
				CLANG_WARN_CONSTANT_CONVERSION = YES;
				CLANG_WARN_DEPRECATED_OBJC_IMPLEMENTATIONS = YES;
				CLANG_WARN_DIRECT_OBJC_ISA_USAGE = YES_ERROR;
				CLANG_WARN_DOCUMENTATION_COMMENTS = YES;
				CLANG_WARN_EMPTY_BODY = YES;
				CLANG_WARN_ENUM_CONVERSION = YES;
				CLANG_WARN_INFINITE_RECURSION = YES;
				CLANG_WARN_INT_CONVERSION = YES;
				CLANG_WARN_NON_LITERAL_NULL_CONVERSION = YES;
				CLANG_WARN_OBJC_IMPLICIT_RETAIN_SELF = YES;
				CLANG_WARN_OBJC_LITERAL_CONVERSION = YES;
				CLANG_WARN_OBJC_ROOT_CLASS = YES_ERROR;
				CLANG_WARN_QUOTED_INCLUDE_IN_FRAMEWORK_HEADER = YES;
				CLANG_WARN_RANGE_LOOP_ANALYSIS = YES;
				CLANG_WARN_STRICT_PROTOTYPES = YES;
				CLANG_WARN_SUSPICIOUS_MOVE = YES;
				CLANG_WARN_UNGUARDED_AVAILABILITY = YES_AGGRESSIVE;
				CLANG_WARN_UNREACHABLE_CODE = YES;
				CLANG_WARN__DUPLICATE_METHOD_MATCH = YES;
				COPY_PHASE_STRIP = NO;
				DEBUG_INFORMATION_FORMAT = "dwarf-with-dsym";
				ENABLE_NS_ASSERTIONS = NO;
				ENABLE_STRICT_OBJC_MSGSEND = YES;
				ENABLE_USER_SCRIPT_SANDBOXING = YES;
				GCC_C_LANGUAGE_STANDARD = gnu17;
				GCC_NO_COMMON_BLOCKS = YES;
				GCC_WARN_64_TO_32_BIT_CONVERSION = YES;
				GCC_WARN_ABOUT_RETURN_TYPE = YES_ERROR;
				GCC_WARN_UNDECLARED_SELECTOR = YES;
				GCC_WARN_UNINITIALIZED_AUTOS = YES_AGGRESSIVE;
				GCC_WARN_UNUSED_FUNCTION = YES;
				GCC_WARN_UNUSED_VARIABLE = YES;
				IPHONEOS_DEPLOYMENT_TARGET = 17.2;
				LOCALIZATION_PREFERS_STRING_CATALOGS = YES;
				MTL_ENABLE_DEBUG_INFO = NO;
				MTL_FAST_MATH = YES;
				SDKROOT = iphoneos;
				SWIFT_COMPILATION_MODE = wholemodule;
				VALIDATE_PRODUCT = YES;
			};
			name = Release;
		};
		33B587042BA0AFFE00CF0BDE /* Debug */ = {
			isa = XCBuildConfiguration;
			buildSettings = {
				ASSETCATALOG_COMPILER_APPICON_NAME = AppIcon;
				ASSETCATALOG_COMPILER_GLOBAL_ACCENT_COLOR_NAME = AccentColor;
				CODE_SIGN_STYLE = Automatic;
				CURRENT_PROJECT_VERSION = 1;
				DEVELOPMENT_ASSET_PATHS = "\"emojiMatch/Preview Content\"";
				ENABLE_PREVIEWS = YES;
				GENERATE_INFOPLIST_FILE = YES;
				INFOPLIST_FILE = emojiMatch/Info.plist;
				INFOPLIST_KEY_UIApplicationSceneManifest_Generation = YES;
				INFOPLIST_KEY_UIApplicationSupportsIndirectInputEvents = YES;
				INFOPLIST_KEY_UILaunchScreen_Generation = YES;
				INFOPLIST_KEY_UISupportedInterfaceOrientations_iPad = "UIInterfaceOrientationPortrait UIInterfaceOrientationPortraitUpsideDown UIInterfaceOrientationLandscapeLeft UIInterfaceOrientationLandscapeRight";
				INFOPLIST_KEY_UISupportedInterfaceOrientations_iPhone = "UIInterfaceOrientationPortrait UIInterfaceOrientationLandscapeLeft UIInterfaceOrientationLandscapeRight";
				LD_RUNPATH_SEARCH_PATHS = (
					"$(inherited)",
					"@executable_path/Frameworks",
				);
				MARKETING_VERSION = 1.0;
				PRODUCT_BUNDLE_IDENTIFIER = foo.emojiMatch;
				PRODUCT_NAME = "$(TARGET_NAME)";
				SWIFT_EMIT_LOC_STRINGS = YES;
				SWIFT_VERSION = 5.0;
				TARGETED_DEVICE_FAMILY = "1,2";
			};
			name = Debug;
		};
		33B587052BA0AFFE00CF0BDE /* Release */ = {
			isa = XCBuildConfiguration;
			buildSettings = {
				ASSETCATALOG_COMPILER_APPICON_NAME = AppIcon;
				ASSETCATALOG_COMPILER_GLOBAL_ACCENT_COLOR_NAME = AccentColor;
				CODE_SIGN_STYLE = Automatic;
				CURRENT_PROJECT_VERSION = 1;
				DEVELOPMENT_ASSET_PATHS = "\"emojiMatch/Preview Content\"";
				ENABLE_PREVIEWS = YES;
				GENERATE_INFOPLIST_FILE = YES;
				INFOPLIST_FILE = emojiMatch/Info.plist;
				INFOPLIST_KEY_UIApplicationSceneManifest_Generation = YES;
				INFOPLIST_KEY_UIApplicationSupportsIndirectInputEvents = YES;
				INFOPLIST_KEY_UILaunchScreen_Generation = YES;
				INFOPLIST_KEY_UISupportedInterfaceOrientations_iPad = "UIInterfaceOrientationPortrait UIInterfaceOrientationPortraitUpsideDown UIInterfaceOrientationLandscapeLeft UIInterfaceOrientationLandscapeRight";
				INFOPLIST_KEY_UISupportedInterfaceOrientations_iPhone = "UIInterfaceOrientationPortrait UIInterfaceOrientationLandscapeLeft UIInterfaceOrientationLandscapeRight";
				LD_RUNPATH_SEARCH_PATHS = (
					"$(inherited)",
					"@executable_path/Frameworks",
				);
				MARKETING_VERSION = 1.0;
				PRODUCT_BUNDLE_IDENTIFIER = foo.emojiMatch;
				PRODUCT_NAME = "$(TARGET_NAME)";
				SWIFT_EMIT_LOC_STRINGS = YES;
				SWIFT_VERSION = 5.0;
				TARGETED_DEVICE_FAMILY = "1,2";
			};
			name = Release;
		};
/* End XCBuildConfiguration section */

/* Begin XCConfigurationList section */
		33B586F02BA0AFFC00CF0BDE /* Build configuration list for PBXProject "emojiMatch" */ = {
			isa = XCConfigurationList;
			buildConfigurations = (
				33B587012BA0AFFE00CF0BDE /* Debug */,
				33B587022BA0AFFE00CF0BDE /* Release */,
			);
			defaultConfigurationIsVisible = 0;
			defaultConfigurationName = Release;
		};
		33B587032BA0AFFE00CF0BDE /* Build configuration list for PBXNativeTarget "emojiMatch" */ = {
			isa = XCConfigurationList;
			buildConfigurations = (
				33B587042BA0AFFE00CF0BDE /* Debug */,
				33B587052BA0AFFE00CF0BDE /* Release */,
			);
			defaultConfigurationIsVisible = 0;
			defaultConfigurationName = Release;
		};
/* End XCConfigurationList section */
	};
	rootObject = 33B586ED2BA0AFFC00CF0BDE /* Project object */;
}
